
Microsoft Visual Studio Solution File, Format Version 12.00
# Visual Studio Version 17
VisualStudioVersion = 17.5.002.0
MinimumVisualStudioVersion = 10.0.40219.1
Project("{9A19103F-16F7-4668-BE54-9A1E7A4F7556}") = "Identity II", "Identity II\Identity II.csproj", "{C54C24AF-33F5-4EE9-8169-F46CD4D0DB9E}"
EndProject
Project("{9A19103F-16F7-4668-BE54-9A1E7A4F7556}") = "User.Management.Services", "User.Management.Services\User.Management.Services.csproj", "{AD35243B-3A6C-429C-9CD6-CAB1FFF2B6AB}"
EndProject
Global
	GlobalSection(SolutionConfigurationPlatforms) = preSolution
		Debug|Any CPU = Debug|Any CPU
		Release|Any CPU = Release|Any CPU
	EndGlobalSection
	GlobalSection(ProjectConfigurationPlatforms) = postSolution
		{C54C24AF-33F5-4EE9-8169-F46CD4D0DB9E}.Debug|Any CPU.ActiveCfg = Debug|Any CPU
		{C54C24AF-33F5-4EE9-8169-F46CD4D0DB9E}.Debug|Any CPU.Build.0 = Debug|Any CPU
		{C54C24AF-33F5-4EE9-8169-F46CD4D0DB9E}.Release|Any CPU.ActiveCfg = Release|Any CPU
		{C54C24AF-33F5-4EE9-8169-F46CD4D0DB9E}.Release|Any CPU.Build.0 = Release|Any CPU
		{AD35243B-3A6C-429C-9CD6-CAB1FFF2B6AB}.Debug|Any CPU.ActiveCfg = Debug|Any CPU
		{AD35243B-3A6C-429C-9CD6-CAB1FFF2B6AB}.Debug|Any CPU.Build.0 = Debug|Any CPU
		{AD35243B-3A6C-429C-9CD6-CAB1FFF2B6AB}.Release|Any CPU.ActiveCfg = Release|Any CPU
		{AD35243B-3A6C-429C-9CD6-CAB1FFF2B6AB}.Release|Any CPU.Build.0 = Release|Any CPU
	EndGlobalSection
	GlobalSection(SolutionProperties) = preSolution
		HideSolutionNode = FALSE
	EndGlobalSection
	GlobalSection(ExtensibilityGlobals) = postSolution
		SolutionGuid = {4E051D32-5AC4-4AC3-B169-D16968ED148D}
	EndGlobalSection
EndGlobal
